
Microsoft Visual Studio Solution File, Format Version 12.00
# Visual Studio Version 17
VisualStudioVersion = 17.6.33801.468
MinimumVisualStudioVersion = 10.0.40219.1
Project("{FAE04EC0-301F-11D3-BF4B-00C04F79EFBC}") = "Определение плотности вероятности", "Определение плотности вероятности\Определение плотности вероятности.csproj", "{7EEFF048-9F5A-46ED-86F2-F53F0440C479}"
EndProject
Global
	GlobalSection(SolutionConfigurationPlatforms) = preSolution
		Debug|Any CPU = Debug|Any CPU
		Release|Any CPU = Release|Any CPU
	EndGlobalSection
	GlobalSection(ProjectConfigurationPlatforms) = postSolution
		{7EEFF048-9F5A-46ED-86F2-F53F0440C479}.Debug|Any CPU.ActiveCfg = Debug|Any CPU
		{7EEFF048-9F5A-46ED-86F2-F53F0440C479}.Debug|Any CPU.Build.0 = Debug|Any CPU
		{7EEFF048-9F5A-46ED-86F2-F53F0440C479}.Release|Any CPU.ActiveCfg = Release|Any CPU
		{7EEFF048-9F5A-46ED-86F2-F53F0440C479}.Release|Any CPU.Build.0 = Release|Any CPU
	EndGlobalSection
	GlobalSection(SolutionProperties) = preSolution
		HideSolutionNode = FALSE
	EndGlobalSection
	GlobalSection(ExtensibilityGlobals) = postSolution
		SolutionGuid = {E98F1BD9-5083-440D-AA81-B62415735C08}
	EndGlobalSection
EndGlobal
